
Microsoft Visual Studio Solution File, Format Version 12.00
# Visual Studio Version 17
VisualStudioVersion = 17.5.33502.453
MinimumVisualStudioVersion = 10.0.40219.1
Project("{9A19103F-16F7-4668-BE54-9A1E7A4F7556}") = "EaFramework", "EaFramework\EaFramework.csproj", "{50DF69F6-CE1D-402C-B192-15DBF676A4F7}"
EndProject
Project("{9A19103F-16F7-4668-BE54-9A1E7A4F7556}") = "EaApplicationTest", "EaApplicationTest\EaApplicationTest.csproj", "{DC3638D2-6E0A-4B8D-9BBF-D2C2ED819A6E}"
EndProject
Project("{FAE04EC0-301F-11D3-BF4B-00C04F79EFBC}") = "EaSpectFlowTests", "EaSpectFlowTests\EaSpectFlowTests.csproj", "{42276BAA-F35B-4673-BEDE-2389DF24EBFC}"
EndProject
Global
	GlobalSection(SolutionConfigurationPlatforms) = preSolution
		Debug|Any CPU = Debug|Any CPU
		Release|Any CPU = Release|Any CPU
	EndGlobalSection
	GlobalSection(ProjectConfigurationPlatforms) = postSolution
		{50DF69F6-CE1D-402C-B192-15DBF676A4F7}.Debug|Any CPU.ActiveCfg = Debug|Any CPU
		{50DF69F6-CE1D-402C-B192-15DBF676A4F7}.Debug|Any CPU.Build.0 = Debug|Any CPU
		{50DF69F6-CE1D-402C-B192-15DBF676A4F7}.Release|Any CPU.ActiveCfg = Release|Any CPU
		{50DF69F6-CE1D-402C-B192-15DBF676A4F7}.Release|Any CPU.Build.0 = Release|Any CPU
		{DC3638D2-6E0A-4B8D-9BBF-D2C2ED819A6E}.Debug|Any CPU.ActiveCfg = Debug|Any CPU
		{DC3638D2-6E0A-4B8D-9BBF-D2C2ED819A6E}.Debug|Any CPU.Build.0 = Debug|Any CPU
		{DC3638D2-6E0A-4B8D-9BBF-D2C2ED819A6E}.Release|Any CPU.ActiveCfg = Release|Any CPU
		{DC3638D2-6E0A-4B8D-9BBF-D2C2ED819A6E}.Release|Any CPU.Build.0 = Release|Any CPU
		{42276BAA-F35B-4673-BEDE-2389DF24EBFC}.Debug|Any CPU.ActiveCfg = Debug|Any CPU
		{42276BAA-F35B-4673-BEDE-2389DF24EBFC}.Debug|Any CPU.Build.0 = Debug|Any CPU
		{42276BAA-F35B-4673-BEDE-2389DF24EBFC}.Release|Any CPU.ActiveCfg = Release|Any CPU
		{42276BAA-F35B-4673-BEDE-2389DF24EBFC}.Release|Any CPU.Build.0 = Release|Any CPU
	EndGlobalSection
	GlobalSection(SolutionProperties) = preSolution
		HideSolutionNode = FALSE
	EndGlobalSection
	GlobalSection(ExtensibilityGlobals) = postSolution
		SolutionGuid = {3B05162A-9782-4767-941A-F2DEDC00F4DC}
	EndGlobalSection
EndGlobal
